
Microsoft Visual Studio Solution File, Format Version 12.00
# Visual Studio Version 16
VisualStudioVersion = 16.0.31129.286
MinimumVisualStudioVersion = 10.0.40219.1
Project("{9A19103F-16F7-4668-BE54-9A1E7A4F7556}") = "CryptoAPI", "Source\CryptoAPI\CryptoAPI.csproj", "{70E43B6A-AD6E-409D-AE4A-6A9494062C5C}"
EndProject
Project("{9A19103F-16F7-4668-BE54-9A1E7A4F7556}") = "CryptoGUI", "Source\CryptoGUI\CryptoGUI.csproj", "{C33E5855-EEC3-4E23-8196-B73A9B6161BB}"
EndProject
Project("{FAE04EC0-301F-11D3-BF4B-00C04F79EFBC}") = "CryptoGUIAvalonia", "Source\CryptoGUIAvalonia\CryptoGUIAvalonia.csproj", "{D8CE10D5-0166-4E46-8F75-9E54ACAD7D54}"
EndProject
Global
	GlobalSection(SolutionConfigurationPlatforms) = preSolution
		Debug|Any CPU = Debug|Any CPU
		Release|Any CPU = Release|Any CPU
	EndGlobalSection
	GlobalSection(ProjectConfigurationPlatforms) = postSolution
		{70E43B6A-AD6E-409D-AE4A-6A9494062C5C}.Debug|Any CPU.ActiveCfg = Debug|Any CPU
		{70E43B6A-AD6E-409D-AE4A-6A9494062C5C}.Debug|Any CPU.Build.0 = Debug|Any CPU
		{70E43B6A-AD6E-409D-AE4A-6A9494062C5C}.Debug|Any CPU.Deploy.0 = Debug|Any CPU
		{70E43B6A-AD6E-409D-AE4A-6A9494062C5C}.Release|Any CPU.ActiveCfg = Release|Any CPU
		{70E43B6A-AD6E-409D-AE4A-6A9494062C5C}.Release|Any CPU.Build.0 = Release|Any CPU
		{C33E5855-EEC3-4E23-8196-B73A9B6161BB}.Release|Any CPU.ActiveCfg = Release|Any CPU
		{C33E5855-EEC3-4E23-8196-B73A9B6161BB}.Release|Any CPU.Build.0 = Release|Any CPU
		{C33E5855-EEC3-4E23-8196-B73A9B6161BB}.Debug|Any CPU.ActiveCfg = Debug|Any CPU
		{D8CE10D5-0166-4E46-8F75-9E54ACAD7D54}.Debug|Any CPU.ActiveCfg = Debug|Any CPU
		{D8CE10D5-0166-4E46-8F75-9E54ACAD7D54}.Debug|Any CPU.Build.0 = Debug|Any CPU
		{D8CE10D5-0166-4E46-8F75-9E54ACAD7D54}.Release|Any CPU.ActiveCfg = Release|Any CPU
		{D8CE10D5-0166-4E46-8F75-9E54ACAD7D54}.Release|Any CPU.Build.0 = Release|Any CPU
	EndGlobalSection
	GlobalSection(SolutionProperties) = preSolution
		HideSolutionNode = FALSE
	EndGlobalSection
	GlobalSection(ExtensibilityGlobals) = postSolution
		SolutionGuid = {0D9E197F-3CB6-4872-B4AF-C4BB0491537A}
	EndGlobalSection
EndGlobal
