
Microsoft Visual Studio Solution File, Format Version 12.00
Project("{FAE04EC0-301F-11D3-BF4B-00C04F79EFBC}") = "CryptoAPI", "Source\CryptoAPI\CryptoAPI.csproj", "{70E43B6A-AD6E-409D-AE4A-6A9494062C5C}"
EndProject
Project("{FAE04EC0-301F-11D3-BF4B-00C04F79EFBC}") = "CryptoGUI", "Source\CryptoGUI\CryptoGUI.csproj", "{C33E5855-EEC3-4E23-8196-B73A9B6161BB}"
EndProject
Project("{FAE04EC0-301F-11D3-BF4B-00C04F79EFBC}") = "CryptoTerminal", "CryptoTerminal\CryptoTerminal.csproj", "{CCE0F110-793E-4591-AAEF-B44FE19D3654}"
EndProject
Global
	GlobalSection(SolutionConfigurationPlatforms) = preSolution
		Debug|Any CPU = Debug|Any CPU
		Release|Any CPU = Release|Any CPU
	EndGlobalSection
	GlobalSection(ProjectConfigurationPlatforms) = postSolution
		{70E43B6A-AD6E-409D-AE4A-6A9494062C5C}.Debug|Any CPU.ActiveCfg = Debug|Any CPU
		{70E43B6A-AD6E-409D-AE4A-6A9494062C5C}.Debug|Any CPU.Build.0 = Debug|Any CPU
		{70E43B6A-AD6E-409D-AE4A-6A9494062C5C}.Release|Any CPU.ActiveCfg = Release|Any CPU
		{70E43B6A-AD6E-409D-AE4A-6A9494062C5C}.Release|Any CPU.Build.0 = Release|Any CPU
		{70E43B6A-AD6E-409D-AE4A-6A9494062C5C}.Debug|Any CPU.Deploy.0 = Debug|Any CPU
		{C33E5855-EEC3-4E23-8196-B73A9B6161BB}.Debug|Any CPU.ActiveCfg = Debug|Any CPU
		{C33E5855-EEC3-4E23-8196-B73A9B6161BB}.Debug|Any CPU.Build.0 = Debug|Any CPU
		{C33E5855-EEC3-4E23-8196-B73A9B6161BB}.Release|Any CPU.ActiveCfg = Release|Any CPU
		{C33E5855-EEC3-4E23-8196-B73A9B6161BB}.Release|Any CPU.Build.0 = Release|Any CPU
		{C33E5855-EEC3-4E23-8196-B73A9B6161BB}.Debug|Any CPU.Deploy.0 = Debug|Any CPU
		{CCE0F110-793E-4591-AAEF-B44FE19D3654}.Debug|Any CPU.ActiveCfg = Debug|Any CPU
		{CCE0F110-793E-4591-AAEF-B44FE19D3654}.Debug|Any CPU.Build.0 = Debug|Any CPU
		{CCE0F110-793E-4591-AAEF-B44FE19D3654}.Release|Any CPU.ActiveCfg = Release|Any CPU
		{CCE0F110-793E-4591-AAEF-B44FE19D3654}.Release|Any CPU.Build.0 = Release|Any CPU
	EndGlobalSection
EndGlobal
