
Microsoft Visual Studio Solution File, Format Version 12.00
Project("{FAE04EC0-301F-11D3-BF4B-00C04F79EFBC}") = "CryptoAPI", "CryptoAPI\CryptoAPI.csproj", "{BECD8490-9EB4-476B-90E3-A08E598FDA1B}"
EndProject
Global
	GlobalSection(SolutionConfigurationPlatforms) = preSolution
		Debug|Any CPU = Debug|Any CPU
		Release|Any CPU = Release|Any CPU
	EndGlobalSection
	GlobalSection(ProjectConfigurationPlatforms) = postSolution
		{BECD8490-9EB4-476B-90E3-A08E598FDA1B}.Debug|Any CPU.ActiveCfg = AnyCPU|Any CPU
		{BECD8490-9EB4-476B-90E3-A08E598FDA1B}.Debug|Any CPU.Build.0 = AnyCPU|Any CPU
		{BECD8490-9EB4-476B-90E3-A08E598FDA1B}.Debug|Any CPU.Deploy.0 = AnyCPU|Any CPU
	EndGlobalSection
EndGlobal
